
Microsoft Visual Studio Solution File, Format Version 12.00
# Visual Studio Version 16
VisualStudioVersion = 16.0.32002.261
MinimumVisualStudioVersion = 10.0.40219.1
Project("{FAE04EC0-301F-11D3-BF4B-00C04F79EFBC}") = "AutoKomis_ZALICZENIE", "AutoKomis_ZALICZENIE\AutoKomis_ZALICZENIE.csproj", "{58AFCC81-E84E-487A-BD1E-2B3C162C6D0C}"
EndProject
Global
	GlobalSection(SolutionConfigurationPlatforms) = preSolution
		Debug|Any CPU = Debug|Any CPU
		Release|Any CPU = Release|Any CPU
	EndGlobalSection
	GlobalSection(ProjectConfigurationPlatforms) = postSolution
		{58AFCC81-E84E-487A-BD1E-2B3C162C6D0C}.Debug|Any CPU.ActiveCfg = Debug|Any CPU
		{58AFCC81-E84E-487A-BD1E-2B3C162C6D0C}.Debug|Any CPU.Build.0 = Debug|Any CPU
		{58AFCC81-E84E-487A-BD1E-2B3C162C6D0C}.Release|Any CPU.ActiveCfg = Release|Any CPU
		{58AFCC81-E84E-487A-BD1E-2B3C162C6D0C}.Release|Any CPU.Build.0 = Release|Any CPU
	EndGlobalSection
	GlobalSection(SolutionProperties) = preSolution
		HideSolutionNode = FALSE
	EndGlobalSection
	GlobalSection(ExtensibilityGlobals) = postSolution
		SolutionGuid = {338C3763-AA38-421D-A8A2-DB960B7CCAF6}
	EndGlobalSection
EndGlobal
